
Microsoft Visual Studio Solution File, Format Version 12.00
# Visual Studio Version 16
VisualStudioVersion = 16.0.30204.135
MinimumVisualStudioVersion = 10.0.40219.1
Project("{FAE04EC0-301F-11D3-BF4B-00C04F79EFBC}") = "ConsoleApp1", "ConsoleApp1\ConsoleApp1.csproj", "{8A4A86C4-AD05-4CA0-A35F-FF95FE94884A}"
EndProject
Global
	GlobalSection(SolutionConfigurationPlatforms) = preSolution
		Debug|Any CPU = Debug|Any CPU
		Release|Any CPU = Release|Any CPU
	EndGlobalSection
	GlobalSection(ProjectConfigurationPlatforms) = postSolution
		{8A4A86C4-AD05-4CA0-A35F-FF95FE94884A}.Debug|Any CPU.ActiveCfg = Debug|Any CPU
		{8A4A86C4-AD05-4CA0-A35F-FF95FE94884A}.Debug|Any CPU.Build.0 = Debug|Any CPU
		{8A4A86C4-AD05-4CA0-A35F-FF95FE94884A}.Release|Any CPU.ActiveCfg = Release|Any CPU
		{8A4A86C4-AD05-4CA0-A35F-FF95FE94884A}.Release|Any CPU.Build.0 = Release|Any CPU
	EndGlobalSection
	GlobalSection(SolutionProperties) = preSolution
		HideSolutionNode = FALSE
	EndGlobalSection
	GlobalSection(ExtensibilityGlobals) = postSolution
		SolutionGuid = {0524D2EA-8B85-4E42-A4F0-FC1BB6C75DAA}
	EndGlobalSection
EndGlobal
